// !$*UTF8*$!
{
	archiveVersion = 1;
	classes = {
	};
	objectVersion = 50;
	objects = {

/* Begin PBXBuildFile section */
		B543106524F4FEB9001C4B97 /* AppDelegate.swift in Sources */ = {isa = PBXBuildFile; fileRef = B543106424F4FEB9001C4B97 /* AppDelegate.swift */; };
		B543106724F4FEB9001C4B97 /* SceneDelegate.swift in Sources */ = {isa = PBXBuildFile; fileRef = B543106624F4FEB9001C4B97 /* SceneDelegate.swift */; };
		B543106924F4FEB9001C4B97 /* ContentView.swift in Sources */ = {isa = PBXBuildFile; fileRef = B543106824F4FEB9001C4B97 /* ContentView.swift */; };
		B543106B24F4FEBA001C4B97 /* Assets.xcassets in Resources */ = {isa = PBXBuildFile; fileRef = B543106A24F4FEBA001C4B97 /* Assets.xcassets */; };
		B543106E24F4FEBA001C4B97 /* Preview Assets.xcassets in Resources */ = {isa = PBXBuildFile; fileRef = B543106D24F4FEBA001C4B97 /* Preview Assets.xcassets */; };
		B543107124F4FEBA001C4B97 /* LaunchScreen.storyboard in Resources */ = {isa = PBXBuildFile; fileRef = B543106F24F4FEBA001C4B97 /* LaunchScreen.storyboard */; };
		BAA1C91914C26D8F33821579 /* Pods_GreetingProject.framework in Frameworks */ = {isa = PBXBuildFile; fileRef = B7ABA47A75053490A6657FD4 /* Pods_GreetingProject.framework */; };
/* End PBXBuildFile section */

/* Begin PBXFileReference section */
		B543106124F4FEB9001C4B97 /* GreetingProject.app */ = {isa = PBXFileReference; explicitFileType = wrapper.application; includeInIndex = 0; path = GreetingProject.app; sourceTree = BUILT_PRODUCTS_DIR; };
		B543106424F4FEB9001C4B97 /* AppDelegate.swift */ = {isa = PBXFileReference; lastKnownFileType = sourcecode.swift; path = AppDelegate.swift; sourceTree = "<group>"; };
		B543106624F4FEB9001C4B97 /* SceneDelegate.swift */ = {isa = PBXFileReference; lastKnownFileType = sourcecode.swift; path = SceneDelegate.swift; sourceTree = "<group>"; };
		B543106824F4FEB9001C4B97 /* ContentView.swift */ = {isa = PBXFileReference; lastKnownFileType = sourcecode.swift; path = ContentView.swift; sourceTree = "<group>"; };
		B543106A24F4FEBA001C4B97 /* Assets.xcassets */ = {isa = PBXFileReference; lastKnownFileType = folder.assetcatalog; path = Assets.xcassets; sourceTree = "<group>"; };
		B543106D24F4FEBA001C4B97 /* Preview Assets.xcassets */ = {isa = PBXFileReference; lastKnownFileType = folder.assetcatalog; path = "Preview Assets.xcassets"; sourceTree = "<group>"; };
		B543107024F4FEBA001C4B97 /* Base */ = {isa = PBXFileReference; lastKnownFileType = file.storyboard; name = Base; path = Base.lproj/LaunchScreen.storyboard; sourceTree = "<group>"; };
		B543107224F4FEBA001C4B97 /* Info.plist */ = {isa = PBXFileReference; lastKnownFileType = text.plist.xml; path = Info.plist; sourceTree = "<group>"; };
		B7ABA47A75053490A6657FD4 /* Pods_GreetingProject.framework */ = {isa = PBXFileReference; explicitFileType = wrapper.framework; includeInIndex = 0; path = Pods_GreetingProject.framework; sourceTree = BUILT_PRODUCTS_DIR; };
		C64776B289924D9D1E674B77 /* Pods-GreetingProject.debug.xcconfig */ = {isa = PBXFileReference; includeInIndex = 1; lastKnownFileType = text.xcconfig; name = "Pods-GreetingProject.debug.xcconfig"; path = "Target Support Files/Pods-GreetingProject/Pods-GreetingProject.debug.xcconfig"; sourceTree = "<group>"; };
		F26049C3C28D2075D57B80AA /* Pods-GreetingProject.release.xcconfig */ = {isa = PBXFileReference; includeInIndex = 1; lastKnownFileType = text.xcconfig; name = "Pods-GreetingProject.release.xcconfig"; path = "Target Support Files/Pods-GreetingProject/Pods-GreetingProject.release.xcconfig"; sourceTree = "<group>"; };
/* End PBXFileReference section */

/* Begin PBXFrameworksBuildPhase section */
		B543105E24F4FEB9001C4B97 /* Frameworks */ = {
			isa = PBXFrameworksBuildPhase;
			buildActionMask = 2147483647;
			files = (
				BAA1C91914C26D8F33821579 /* Pods_GreetingProject.framework in Frameworks */,
			);
			runOnlyForDeploymentPostprocessing = 0;
		};
/* End PBXFrameworksBuildPhase section */

/* Begin PBXGroup section */
		4E394EA57FCD285815F80F42 /* Pods */ = {
			isa = PBXGroup;
			children = (
				C64776B289924D9D1E674B77 /* Pods-GreetingProject.debug.xcconfig */,
				F26049C3C28D2075D57B80AA /* Pods-GreetingProject.release.xcconfig */,
			);
			name = Pods;
			path = Pods;
			sourceTree = "<group>";
		};
		B543105824F4FEB9001C4B97 = {
			isa = PBXGroup;
			children = (
				B543106324F4FEB9001C4B97 /* GreetingProject */,
				B543106224F4FEB9001C4B97 /* Products */,
				4E394EA57FCD285815F80F42 /* Pods */,
				F987D5FAAB5AA7429D286D4F /* Frameworks */,
			);
			sourceTree = "<group>";
		};
		B543106224F4FEB9001C4B97 /* Products */ = {
			isa = PBXGroup;
			children = (
				B543106124F4FEB9001C4B97 /* GreetingProject.app */,
			);
			name = Products;
			sourceTree = "<group>";
		};
		B543106324F4FEB9001C4B97 /* GreetingProject */ = {
			isa = PBXGroup;
			children = (
				B543106424F4FEB9001C4B97 /* AppDelegate.swift */,
				B543106624F4FEB9001C4B97 /* SceneDelegate.swift */,
				B543106824F4FEB9001C4B97 /* ContentView.swift */,
				B543106A24F4FEBA001C4B97 /* Assets.xcassets */,
				B543106F24F4FEBA001C4B97 /* LaunchScreen.storyboard */,
				B543107224F4FEBA001C4B97 /* Info.plist */,
				B543106C24F4FEBA001C4B97 /* Preview Content */,
			);
			path = GreetingProject;
			sourceTree = "<group>";
		};
		B543106C24F4FEBA001C4B97 /* Preview Content */ = {
			isa = PBXGroup;
			children = (
				B543106D24F4FEBA001C4B97 /* Preview Assets.xcassets */,
			);
			path = "Preview Content";
			sourceTree = "<group>";
		};
		F987D5FAAB5AA7429D286D4F /* Frameworks */ = {
			isa = PBXGroup;
			children = (
				B7ABA47A75053490A6657FD4 /* Pods_GreetingProject.framework */,
			);
			name = Frameworks;
			sourceTree = "<group>";
		};
/* End PBXGroup section */

/* Begin PBXNativeTarget section */
		B543106024F4FEB9001C4B97 /* GreetingProject */ = {
			isa = PBXNativeTarget;
			buildConfigurationList = B543107524F4FEBA001C4B97 /* Build configuration list for PBXNativeTarget "GreetingProject" */;
			buildPhases = (
				71781FE2F099A51E307E3FC9 /* [CP] Check Pods Manifest.lock */,
				B543105D24F4FEB9001C4B97 /* Sources */,
				B543105E24F4FEB9001C4B97 /* Frameworks */,
				B543105F24F4FEB9001C4B97 /* Resources */,
				FB0D9C3977733677E33D7DC5 /* [CP] Embed Pods Frameworks */,
			);
			buildRules = (
			);
			dependencies = (
			);
			name = GreetingProject;
			productName = GreetingProject;
			productReference = B543106124F4FEB9001C4B97 /* GreetingProject.app */;
			productType = "com.apple.product-type.application";
		};
/* End PBXNativeTarget section */

/* Begin PBXProject section */
		B543105924F4FEB9001C4B97 /* Project object */ = {
			isa = PBXProject;
			attributes = {
				LastSwiftUpdateCheck = 1160;
				LastUpgradeCheck = 1160;
				ORGANIZATIONNAME = "Maris Lagzdins";
				TargetAttributes = {
					B543106024F4FEB9001C4B97 = {
						CreatedOnToolsVersion = 11.6;
					};
				};
			};
			buildConfigurationList = B543105C24F4FEB9001C4B97 /* Build configuration list for PBXProject "GreetingProject" */;
			compatibilityVersion = "Xcode 9.3";
			developmentRegion = en;
			hasScannedForEncodings = 0;
			knownRegions = (
				en,
				Base,
			);
			mainGroup = B543105824F4FEB9001C4B97;
			productRefGroup = B543106224F4FEB9001C4B97 /* Products */;
			projectDirPath = "";
			projectRoot = "";
			targets = (
				B543106024F4FEB9001C4B97 /* GreetingProject */,
			);
		};
/* End PBXProject section */

/* Begin PBXResourcesBuildPhase section */
		B543105F24F4FEB9001C4B97 /* Resources */ = {
			isa = PBXResourcesBuildPhase;
			buildActionMask = 2147483647;
			files = (
				B543107124F4FEBA001C4B97 /* LaunchScreen.storyboard in Resources */,
				B543106E24F4FEBA001C4B97 /* Preview Assets.xcassets in Resources */,
				B543106B24F4FEBA001C4B97 /* Assets.xcassets in Resources */,
			);
			runOnlyForDeploymentPostprocessing = 0;
		};
/* End PBXResourcesBuildPhase section */

/* Begin PBXShellScriptBuildPhase section */
		71781FE2F099A51E307E3FC9 /* [CP] Check Pods Manifest.lock */ = {
			isa = PBXShellScriptBuildPhase;
			buildActionMask = 2147483647;
			files = (
			);
			inputFileListPaths = (
			);
			inputPaths = (
				"${PODS_PODFILE_DIR_PATH}/Podfile.lock",
				"${PODS_ROOT}/Manifest.lock",
			);
			name = "[CP] Check Pods Manifest.lock";
			outputFileListPaths = (
			);
			outputPaths = (
				"$(DERIVED_FILE_DIR)/Pods-GreetingProject-checkManifestLockResult.txt",
			);
			runOnlyForDeploymentPostprocessing = 0;
			shellPath = /bin/sh;
			shellScript = "diff \"${PODS_PODFILE_DIR_PATH}/Podfile.lock\" \"${PODS_ROOT}/Manifest.lock\" > /dev/null\nif [ $? != 0 ] ; then\n    # print error to STDERR\n    echo \"error: The sandbox is not in sync with the Podfile.lock. Run 'pod install' or update your CocoaPods installation.\" >&2\n    exit 1\nfi\n# This output is used by Xcode 'outputs' to avoid re-running this script phase.\necho \"SUCCESS\" > \"${SCRIPT_OUTPUT_FILE_0}\"\n";
			showEnvVarsInLog = 0;
		};
		FB0D9C3977733677E33D7DC5 /* [CP] Embed Pods Frameworks */ = {
			isa = PBXShellScriptBuildPhase;
			buildActionMask = 2147483647;
			files = (
			);
			inputFileListPaths = (
				"${PODS_ROOT}/Target Support Files/Pods-GreetingProject/Pods-GreetingProject-frameworks-${CONFIGURATION}-input-files.xcfilelist",
			);
			name = "[CP] Embed Pods Frameworks";
			outputFileListPaths = (
				"${PODS_ROOT}/Target Support Files/Pods-GreetingProject/Pods-GreetingProject-frameworks-${CONFIGURATION}-output-files.xcfilelist",
			);
			runOnlyForDeploymentPostprocessing = 0;
			shellPath = /bin/sh;
			shellScript = "\"${PODS_ROOT}/Target Support Files/Pods-GreetingProject/Pods-GreetingProject-frameworks.sh\"\n";
			showEnvVarsInLog = 0;
		};
/* End PBXShellScriptBuildPhase section */

/* Begin PBXSourcesBuildPhase section */
		B543105D24F4FEB9001C4B97 /* Sources */ = {
			isa = PBXSourcesBuildPhase;
			buildActionMask = 2147483647;
			files = (
				B543106524F4FEB9001C4B97 /* AppDelegate.swift in Sources */,
				B543106724F4FEB9001C4B97 /* SceneDelegate.swift in Sources */,
				B543106924F4FEB9001C4B97 /* ContentView.swift in Sources */,
			);
			runOnlyForDeploymentPostprocessing = 0;
		};
/* End PBXSourcesBuildPhase section */

/* Begin PBXVariantGroup section */
		B543106F24F4FEBA001C4B97 /* LaunchScreen.storyboard */ = {
			isa = PBXVariantGroup;
			children = (
				B543107024F4FEBA001C4B97 /* Base */,
			);
			name = LaunchScreen.storyboard;
			sourceTree = "<group>";
		};
/* End PBXVariantGroup section */

/* Begin XCBuildConfiguration section */
		B543107324F4FEBA001C4B97 /* Debug */ = {
			isa = XCBuildConfiguration;
			buildSettings = {
				ALWAYS_SEARCH_USER_PATHS = NO;
				CLANG_ANALYZER_NONNULL = YES;
				CLANG_ANALYZER_NUMBER_OBJECT_CONVERSION = YES_AGGRESSIVE;
				CLANG_CXX_LANGUAGE_STANDARD = "gnu++14";
				CLANG_CXX_LIBRARY = "libc++";
				CLANG_ENABLE_MODULES = YES;
				CLANG_ENABLE_OBJC_ARC = YES;
				CLANG_ENABLE_OBJC_WEAK = YES;
				CLANG_WARN_BLOCK_CAPTURE_AUTORELEASING = YES;
				CLANG_WARN_BOOL_CONVERSION = YES;
				CLANG_WARN_COMMA = YES;
				CLANG_WARN_CONSTANT_CONVERSION = YES;
				CLANG_WARN_DEPRECATED_OBJC_IMPLEMENTATIONS = YES;
				CLANG_WARN_DIRECT_OBJC_ISA_USAGE = YES_ERROR;
				CLANG_WARN_DOCUMENTATION_COMMENTS = YES;
				CLANG_WARN_EMPTY_BODY = YES;
				CLANG_WARN_ENUM_CONVERSION = YES;
				CLANG_WARN_INFINITE_RECURSION = YES;
				CLANG_WARN_INT_CONVERSION = YES;
				CLANG_WARN_NON_LITERAL_NULL_CONVERSION = YES;
				CLANG_WARN_OBJC_IMPLICIT_RETAIN_SELF = YES;
				CLANG_WARN_OBJC_LITERAL_CONVERSION = YES;
				CLANG_WARN_OBJC_ROOT_CLASS = YES_ERROR;
				CLANG_WARN_RANGE_LOOP_ANALYSIS = YES;
				CLANG_WARN_STRICT_PROTOTYPES = YES;
				CLANG_WARN_SUSPICIOUS_MOVE = YES;
				CLANG_WARN_UNGUARDED_AVAILABILITY = YES_AGGRESSIVE;
				CLANG_WARN_UNREACHABLE_CODE = YES;
				CLANG_WARN__DUPLICATE_METHOD_MATCH = YES;
				COPY_PHASE_STRIP = NO;
				DEBUG_INFORMATION_FORMAT = dwarf;
				ENABLE_STRICT_OBJC_MSGSEND = YES;
				ENABLE_TESTABILITY = YES;
				GCC_C_LANGUAGE_STANDARD = gnu11;
				GCC_DYNAMIC_NO_PIC = NO;
				GCC_NO_COMMON_BLOCKS = YES;
				GCC_OPTIMIZATION_LEVEL = 0;
				GCC_PREPROCESSOR_DEFINITIONS = (
					"DEBUG=1",
					"$(inherited)",
				);
				GCC_WARN_64_TO_32_BIT_CONVERSION = YES;
				GCC_WARN_ABOUT_RETURN_TYPE = YES_ERROR;
				GCC_WARN_UNDECLARED_SELECTOR = YES;
				GCC_WARN_UNINITIALIZED_AUTOS = YES_AGGRESSIVE;
				GCC_WARN_UNUSED_FUNCTION = YES;
				GCC_WARN_UNUSED_VARIABLE = YES;
				IPHONEOS_DEPLOYMENT_TARGET = 13.6;
				MTL_ENABLE_DEBUG_INFO = INCLUDE_SOURCE;
				MTL_FAST_MATH = YES;
				ONLY_ACTIVE_ARCH = YES;
				SDKROOT = iphoneos;
				SWIFT_ACTIVE_COMPILATION_CONDITIONS = DEBUG;
				SWIFT_OPTIMIZATION_LEVEL = "-Onone";
			};
			name = Debug;
		};
		B543107424F4FEBA001C4B97 /* Release */ = {
			isa = XCBuildConfiguration;
			buildSettings = {
				ALWAYS_SEARCH_USER_PATHS = NO;
				CLANG_ANALYZER_NONNULL = YES;
				CLANG_ANALYZER_NUMBER_OBJECT_CONVERSION = YES_AGGRESSIVE;
				CLANG_CXX_LANGUAGE_STANDARD = "gnu++14";
				CLANG_CXX_LIBRARY = "libc++";
				CLANG_ENABLE_MODULES = YES;
				CLANG_ENABLE_OBJC_ARC = YES;
				CLANG_ENABLE_OBJC_WEAK = YES;
				CLANG_WARN_BLOCK_CAPTURE_AUTORELEASING = YES;
				CLANG_WARN_BOOL_CONVERSION = YES;
				CLANG_WARN_COMMA = YES;
				CLANG_WARN_CONSTANT_CONVERSION = YES;
				CLANG_WARN_DEPRECATED_OBJC_IMPLEMENTATIONS = YES;
				CLANG_WARN_DIRECT_OBJC_ISA_USAGE = YES_ERROR;
				CLANG_WARN_DOCUMENTATION_COMMENTS = YES;
				CLANG_WARN_EMPTY_BODY = YES;
				CLANG_WARN_ENUM_CONVERSION = YES;
				CLANG_WARN_INFINITE_RECURSION = YES;
				CLANG_WARN_INT_CONVERSION = YES;
				CLANG_WARN_NON_LITERAL_NULL_CONVERSION = YES;
				CLANG_WARN_OBJC_IMPLICIT_RETAIN_SELF = YES;
				CLANG_WARN_OBJC_LITERAL_CONVERSION = YES;
				CLANG_WARN_OBJC_ROOT_CLASS = YES_ERROR;
				CLANG_WARN_RANGE_LOOP_ANALYSIS = YES;
				CLANG_WARN_STRICT_PROTOTYPES = YES;
				CLANG_WARN_SUSPICIOUS_MOVE = YES;
				CLANG_WARN_UNGUARDED_AVAILABILITY = YES_AGGRESSIVE;
				CLANG_WARN_UNREACHABLE_CODE = YES;
				CLANG_WARN__DUPLICATE_METHOD_MATCH = YES;
				COPY_PHASE_STRIP = NO;
				DEBUG_INFORMATION_FORMAT = "dwarf-with-dsym";
				ENABLE_NS_ASSERTIONS = NO;
				ENABLE_STRICT_OBJC_MSGSEND = YES;
				GCC_C_LANGUAGE_STANDARD = gnu11;
				GCC_NO_COMMON_BLOCKS = YES;
				GCC_WARN_64_TO_32_BIT_CONVERSION = YES;
				GCC_WARN_ABOUT_RETURN_TYPE = YES_ERROR;
				GCC_WARN_UNDECLARED_SELECTOR = YES;
				GCC_WARN_UNINITIALIZED_AUTOS = YES_AGGRESSIVE;
				GCC_WARN_UNUSED_FUNCTION = YES;
				GCC_WARN_UNUSED_VARIABLE = YES;
				IPHONEOS_DEPLOYMENT_TARGET = 13.6;
				MTL_ENABLE_DEBUG_INFO = NO;
				MTL_FAST_MATH = YES;
				SDKROOT = iphoneos;
				SWIFT_COMPILATION_MODE = wholemodule;
				SWIFT_OPTIMIZATION_LEVEL = "-O";
				VALIDATE_PRODUCT = YES;
			};
			name = Release;
		};
		B543107624F4FEBA001C4B97 /* Debug */ = {
			isa = XCBuildConfiguration;
			baseConfigurationReference = C64776B289924D9D1E674B77 /* Pods-GreetingProject.debug.xcconfig */;
			buildSettings = {
				ASSETCATALOG_COMPILER_APPICON_NAME = AppIcon;
				CODE_SIGN_STYLE = Automatic;
				DEVELOPMENT_ASSET_PATHS = "\"GreetingProject/Preview Content\"";
				DEVELOPMENT_TEAM = 94EK2XEZUL;
				ENABLE_PREVIEWS = YES;
				INFOPLIST_FILE = GreetingProject/Info.plist;
				LD_RUNPATH_SEARCH_PATHS = (
					"$(inherited)",
					"@executable_path/Frameworks",
				);
				PRODUCT_BUNDLE_IDENTIFIER = com.developermaris.GreetingProject;
				PRODUCT_NAME = "$(TARGET_NAME)";
				SWIFT_VERSION = 5.0;
				TARGETED_DEVICE_FAMILY = "1,2";
			};
			name = Debug;
		};
		B543107724F4FEBA001C4B97 /* Release */ = {
			isa = XCBuildConfiguration;
			baseConfigurationReference = F26049C3C28D2075D57B80AA /* Pods-GreetingProject.release.xcconfig */;
			buildSettings = {
				ASSETCATALOG_COMPILER_APPICON_NAME = AppIcon;
				CODE_SIGN_STYLE = Automatic;
				DEVELOPMENT_ASSET_PATHS = "\"GreetingProject/Preview Content\"";
				DEVELOPMENT_TEAM = 94EK2XEZUL;
				ENABLE_PREVIEWS = YES;
				INFOPLIST_FILE = GreetingProject/Info.plist;
				LD_RUNPATH_SEARCH_PATHS = (
					"$(inherited)",
					"@executable_path/Frameworks",
				);
				PRODUCT_BUNDLE_IDENTIFIER = com.developermaris.GreetingProject;
				PRODUCT_NAME = "$(TARGET_NAME)";
				SWIFT_VERSION = 5.0;
				TARGETED_DEVICE_FAMILY = "1,2";
			};
			name = Release;
		};
/* End XCBuildConfiguration section */

/* Begin XCConfigurationList section */
		B543105C24F4FEB9001C4B97 /* Build configuration list for PBXProject "GreetingProject" */ = {
			isa = XCConfigurationList;
			buildConfigurations = (
				B543107324F4FEBA001C4B97 /* Debug */,
				B543107424F4FEBA001C4B97 /* Release */,
			);
			defaultConfigurationIsVisible = 0;
			defaultConfigurationName = Release;
		};
		B543107524F4FEBA001C4B97 /* Build configuration list for PBXNativeTarget "GreetingProject" */ = {
			isa = XCConfigurationList;
			buildConfigurations = (
				B543107624F4FEBA001C4B97 /* Debug */,
				B543107724F4FEBA001C4B97 /* Release */,
			);
			defaultConfigurationIsVisible = 0;
			defaultConfigurationName = Release;
		};
/* End XCConfigurationList section */
	};
	rootObject = B543105924F4FEB9001C4B97 /* Project object */;
}
